
Microsoft Visual Studio Solution File, Format Version 12.00
# Visual Studio Version 17
VisualStudioVersion = 17.6.33801.468
MinimumVisualStudioVersion = 10.0.40219.1
Project("{FAE04EC0-301F-11D3-BF4B-00C04F79EFBC}") = "AuthSystem", "AuthSystem\AuthSystem.csproj", "{B9ED2600-D2CA-41EB-9E0D-5416C6BF0984}"
EndProject
Global
	GlobalSection(SolutionConfigurationPlatforms) = preSolution
		Debug|Any CPU = Debug|Any CPU
		Release|Any CPU = Release|Any CPU
	EndGlobalSection
	GlobalSection(ProjectConfigurationPlatforms) = postSolution
		{B9ED2600-D2CA-41EB-9E0D-5416C6BF0984}.Debug|Any CPU.ActiveCfg = Debug|Any CPU
		{B9ED2600-D2CA-41EB-9E0D-5416C6BF0984}.Debug|Any CPU.Build.0 = Debug|Any CPU
		{B9ED2600-D2CA-41EB-9E0D-5416C6BF0984}.Release|Any CPU.ActiveCfg = Release|Any CPU
		{B9ED2600-D2CA-41EB-9E0D-5416C6BF0984}.Release|Any CPU.Build.0 = Release|Any CPU
	EndGlobalSection
	GlobalSection(SolutionProperties) = preSolution
		HideSolutionNode = FALSE
	EndGlobalSection
	GlobalSection(ExtensibilityGlobals) = postSolution
		SolutionGuid = {73EBE831-DED9-4B94-9085-0DC930DC5D3A}
	EndGlobalSection
EndGlobal
